// !$*UTF8*$!
{
	archiveVersion = 1;
	classes = {
	};
	objectVersion = 51;
	objects = {

/* Begin PBXBuildFile section */
		0B033644791664E7EE2F803E /* Pods_marvel.framework in Frameworks */ = {isa = PBXBuildFile; fileRef = 9E7E6C51D31A2F4759B06D48 /* Pods_marvel.framework */; };
		C32105B5C8001BF6039100A5 /* Pods_marvelTests.framework in Frameworks */ = {isa = PBXBuildFile; fileRef = CE722E61BEF3B0E65B2FB4B4 /* Pods_marvelTests.framework */; };
		CF682C8723EEE647002C4720 /* AppDelegate.swift in Sources */ = {isa = PBXBuildFile; fileRef = CF682C8623EEE647002C4720 /* AppDelegate.swift */; };
		CF682C8923EEE647002C4720 /* SceneDelegate.swift in Sources */ = {isa = PBXBuildFile; fileRef = CF682C8823EEE647002C4720 /* SceneDelegate.swift */; };
		CF682C9023EEE648002C4720 /* Assets.xcassets in Resources */ = {isa = PBXBuildFile; fileRef = CF682C8F23EEE648002C4720 /* Assets.xcassets */; };
		CF682C9323EEE648002C4720 /* LaunchScreen.storyboard in Resources */ = {isa = PBXBuildFile; fileRef = CF682C9123EEE648002C4720 /* LaunchScreen.storyboard */; };
		CF682C9E23EEE649002C4720 /* marvelTests.swift in Sources */ = {isa = PBXBuildFile; fileRef = CF682C9D23EEE649002C4720 /* marvelTests.swift */; };
		CF8C5BF723F08850009FDF42 /* ComicsCollectionViewCell.swift in Sources */ = {isa = PBXBuildFile; fileRef = CF8C5BF623F08850009FDF42 /* ComicsCollectionViewCell.swift */; };
		CFD4250A23EEE8C4005CEB8B /* Coordinator.swift in Sources */ = {isa = PBXBuildFile; fileRef = CFD4250923EEE8C4005CEB8B /* Coordinator.swift */; };
		CFD4250C23EEE8F1005CEB8B /* ApplicationCoordinator.swift in Sources */ = {isa = PBXBuildFile; fileRef = CFD4250B23EEE8F1005CEB8B /* ApplicationCoordinator.swift */; };
		CFD4251023EEEA0F005CEB8B /* HomeViewController.swift in Sources */ = {isa = PBXBuildFile; fileRef = CFD4250F23EEEA0F005CEB8B /* HomeViewController.swift */; };
		CFD4251223EEEA20005CEB8B /* HomeViewModel.swift in Sources */ = {isa = PBXBuildFile; fileRef = CFD4251123EEEA20005CEB8B /* HomeViewModel.swift */; };
		CFD4251523EEEA3E005CEB8B /* ApiManager.swift in Sources */ = {isa = PBXBuildFile; fileRef = CFD4251423EEEA3E005CEB8B /* ApiManager.swift */; };
		CFD4251723EEEAD2005CEB8B /* HomeCoordinator.swift in Sources */ = {isa = PBXBuildFile; fileRef = CFD4251623EEEAD2005CEB8B /* HomeCoordinator.swift */; };
		CFD4251923EEFC73005CEB8B /* ApiResponse.swift in Sources */ = {isa = PBXBuildFile; fileRef = CFD4251823EEFC73005CEB8B /* ApiResponse.swift */; };
		CFD4251B23EF002F005CEB8B /* Repository.swift in Sources */ = {isa = PBXBuildFile; fileRef = CFD4251A23EF002F005CEB8B /* Repository.swift */; };
		CFD4251E23EF016C005CEB8B /* Error.swift in Sources */ = {isa = PBXBuildFile; fileRef = CFD4251D23EF016C005CEB8B /* Error.swift */; };
		CFD4252023EF0878005CEB8B /* HomeView.swift in Sources */ = {isa = PBXBuildFile; fileRef = CFD4251F23EF0878005CEB8B /* HomeView.swift */; };
		CFD4252223EF2A3E005CEB8B /* HomeCollectionViewCell.swift in Sources */ = {isa = PBXBuildFile; fileRef = CFD4252123EF2A3E005CEB8B /* HomeCollectionViewCell.swift */; };
		CFD4252423F0483E005CEB8B /* DetailsCoordinator.swift in Sources */ = {isa = PBXBuildFile; fileRef = CFD4252323F0483E005CEB8B /* DetailsCoordinator.swift */; };
		CFD4252823F04923005CEB8B /* DetailsViewController.swift in Sources */ = {isa = PBXBuildFile; fileRef = CFD4252723F04923005CEB8B /* DetailsViewController.swift */; };
		CFD4252C23F050E6005CEB8B /* DetailsView.swift in Sources */ = {isa = PBXBuildFile; fileRef = CFD4252B23F050E6005CEB8B /* DetailsView.swift */; };
		CFD4252E23F051C3005CEB8B /* DetailsViewModel.swift in Sources */ = {isa = PBXBuildFile; fileRef = CFD4252D23F051C3005CEB8B /* DetailsViewModel.swift */; };
/* End PBXBuildFile section */

/* Begin PBXContainerItemProxy section */
		CF682C9A23EEE649002C4720 /* PBXContainerItemProxy */ = {
			isa = PBXContainerItemProxy;
			containerPortal = CF682C7B23EEE647002C4720 /* Project object */;
			proxyType = 1;
			remoteGlobalIDString = CF682C8223EEE647002C4720;
			remoteInfo = marvel;
		};
/* End PBXContainerItemProxy section */

/* Begin PBXFileReference section */
		08B8DB82452B8EB46DCE0698 /* Pods-marvelTests.release.xcconfig */ = {isa = PBXFileReference; includeInIndex = 1; lastKnownFileType = text.xcconfig; name = "Pods-marvelTests.release.xcconfig"; path = "Target Support Files/Pods-marvelTests/Pods-marvelTests.release.xcconfig"; sourceTree = "<group>"; };
		6339B1DDD9F9BF8019EF948A /* Pods-marvel.release.xcconfig */ = {isa = PBXFileReference; includeInIndex = 1; lastKnownFileType = text.xcconfig; name = "Pods-marvel.release.xcconfig"; path = "Target Support Files/Pods-marvel/Pods-marvel.release.xcconfig"; sourceTree = "<group>"; };
		9E00DBBAE666EEAA57B21ABB /* Pods-marvelTests.debug.xcconfig */ = {isa = PBXFileReference; includeInIndex = 1; lastKnownFileType = text.xcconfig; name = "Pods-marvelTests.debug.xcconfig"; path = "Target Support Files/Pods-marvelTests/Pods-marvelTests.debug.xcconfig"; sourceTree = "<group>"; };
		9E7E6C51D31A2F4759B06D48 /* Pods_marvel.framework */ = {isa = PBXFileReference; explicitFileType = wrapper.framework; includeInIndex = 0; path = Pods_marvel.framework; sourceTree = BUILT_PRODUCTS_DIR; };
		CE722E61BEF3B0E65B2FB4B4 /* Pods_marvelTests.framework */ = {isa = PBXFileReference; explicitFileType = wrapper.framework; includeInIndex = 0; path = Pods_marvelTests.framework; sourceTree = BUILT_PRODUCTS_DIR; };
		CE94F069B8F202A02920E6FF /* Pods-marvel.debug.xcconfig */ = {isa = PBXFileReference; includeInIndex = 1; lastKnownFileType = text.xcconfig; name = "Pods-marvel.debug.xcconfig"; path = "Target Support Files/Pods-marvel/Pods-marvel.debug.xcconfig"; sourceTree = "<group>"; };
		CF682C8323EEE647002C4720 /* marvel.app */ = {isa = PBXFileReference; explicitFileType = wrapper.application; includeInIndex = 0; path = marvel.app; sourceTree = BUILT_PRODUCTS_DIR; };
		CF682C8623EEE647002C4720 /* AppDelegate.swift */ = {isa = PBXFileReference; lastKnownFileType = sourcecode.swift; path = AppDelegate.swift; sourceTree = "<group>"; };
		CF682C8823EEE647002C4720 /* SceneDelegate.swift */ = {isa = PBXFileReference; lastKnownFileType = sourcecode.swift; path = SceneDelegate.swift; sourceTree = "<group>"; };
		CF682C8F23EEE648002C4720 /* Assets.xcassets */ = {isa = PBXFileReference; lastKnownFileType = folder.assetcatalog; path = Assets.xcassets; sourceTree = "<group>"; };
		CF682C9223EEE648002C4720 /* Base */ = {isa = PBXFileReference; lastKnownFileType = file.storyboard; name = Base; path = Base.lproj/LaunchScreen.storyboard; sourceTree = "<group>"; };
		CF682C9423EEE648002C4720 /* Info.plist */ = {isa = PBXFileReference; lastKnownFileType = text.plist.xml; path = Info.plist; sourceTree = "<group>"; };
		CF682C9923EEE649002C4720 /* marvelTests.xctest */ = {isa = PBXFileReference; explicitFileType = wrapper.cfbundle; includeInIndex = 0; path = marvelTests.xctest; sourceTree = BUILT_PRODUCTS_DIR; };
		CF682C9D23EEE649002C4720 /* marvelTests.swift */ = {isa = PBXFileReference; lastKnownFileType = sourcecode.swift; path = marvelTests.swift; sourceTree = "<group>"; };
		CF682C9F23EEE649002C4720 /* Info.plist */ = {isa = PBXFileReference; lastKnownFileType = text.plist.xml; path = Info.plist; sourceTree = "<group>"; };
		CF8C5BF623F08850009FDF42 /* ComicsCollectionViewCell.swift */ = {isa = PBXFileReference; lastKnownFileType = sourcecode.swift; path = ComicsCollectionViewCell.swift; sourceTree = "<group>"; };
		CFD4250923EEE8C4005CEB8B /* Coordinator.swift */ = {isa = PBXFileReference; lastKnownFileType = sourcecode.swift; path = Coordinator.swift; sourceTree = "<group>"; };
		CFD4250B23EEE8F1005CEB8B /* ApplicationCoordinator.swift */ = {isa = PBXFileReference; lastKnownFileType = sourcecode.swift; path = ApplicationCoordinator.swift; sourceTree = "<group>"; };
		CFD4250F23EEEA0F005CEB8B /* HomeViewController.swift */ = {isa = PBXFileReference; lastKnownFileType = sourcecode.swift; path = HomeViewController.swift; sourceTree = "<group>"; };
		CFD4251123EEEA20005CEB8B /* HomeViewModel.swift */ = {isa = PBXFileReference; lastKnownFileType = sourcecode.swift; path = HomeViewModel.swift; sourceTree = "<group>"; };
		CFD4251423EEEA3E005CEB8B /* ApiManager.swift */ = {isa = PBXFileReference; lastKnownFileType = sourcecode.swift; path = ApiManager.swift; sourceTree = "<group>"; };
		CFD4251623EEEAD2005CEB8B /* HomeCoordinator.swift */ = {isa = PBXFileReference; lastKnownFileType = sourcecode.swift; path = HomeCoordinator.swift; sourceTree = "<group>"; };
		CFD4251823EEFC73005CEB8B /* ApiResponse.swift */ = {isa = PBXFileReference; lastKnownFileType = sourcecode.swift; path = ApiResponse.swift; sourceTree = "<group>"; };
		CFD4251A23EF002F005CEB8B /* Repository.swift */ = {isa = PBXFileReference; lastKnownFileType = sourcecode.swift; path = Repository.swift; sourceTree = "<group>"; };
		CFD4251D23EF016C005CEB8B /* Error.swift */ = {isa = PBXFileReference; lastKnownFileType = sourcecode.swift; path = Error.swift; sourceTree = "<group>"; };
		CFD4251F23EF0878005CEB8B /* HomeView.swift */ = {isa = PBXFileReference; lastKnownFileType = sourcecode.swift; path = HomeView.swift; sourceTree = "<group>"; };
		CFD4252123EF2A3E005CEB8B /* HomeCollectionViewCell.swift */ = {isa = PBXFileReference; lastKnownFileType = sourcecode.swift; path = HomeCollectionViewCell.swift; sourceTree = "<group>"; };
		CFD4252323F0483E005CEB8B /* DetailsCoordinator.swift */ = {isa = PBXFileReference; lastKnownFileType = sourcecode.swift; path = DetailsCoordinator.swift; sourceTree = "<group>"; };
		CFD4252723F04923005CEB8B /* DetailsViewController.swift */ = {isa = PBXFileReference; lastKnownFileType = sourcecode.swift; path = DetailsViewController.swift; sourceTree = "<group>"; };
		CFD4252B23F050E6005CEB8B /* DetailsView.swift */ = {isa = PBXFileReference; lastKnownFileType = sourcecode.swift; path = DetailsView.swift; sourceTree = "<group>"; };
		CFD4252D23F051C3005CEB8B /* DetailsViewModel.swift */ = {isa = PBXFileReference; lastKnownFileType = sourcecode.swift; path = DetailsViewModel.swift; sourceTree = "<group>"; };
/* End PBXFileReference section */

/* Begin PBXFrameworksBuildPhase section */
		CF682C8023EEE647002C4720 /* Frameworks */ = {
			isa = PBXFrameworksBuildPhase;
			buildActionMask = 2147483647;
			files = (
				0B033644791664E7EE2F803E /* Pods_marvel.framework in Frameworks */,
			);
			runOnlyForDeploymentPostprocessing = 0;
		};
		CF682C9623EEE649002C4720 /* Frameworks */ = {
			isa = PBXFrameworksBuildPhase;
			buildActionMask = 2147483647;
			files = (
				C32105B5C8001BF6039100A5 /* Pods_marvelTests.framework in Frameworks */,
			);
			runOnlyForDeploymentPostprocessing = 0;
		};
/* End PBXFrameworksBuildPhase section */

/* Begin PBXGroup section */
		39B54785AE9C5BA2FEB39890 /* Frameworks */ = {
			isa = PBXGroup;
			children = (
				9E7E6C51D31A2F4759B06D48 /* Pods_marvel.framework */,
				CE722E61BEF3B0E65B2FB4B4 /* Pods_marvelTests.framework */,
			);
			name = Frameworks;
			sourceTree = "<group>";
		};
		47CCFC8FFBE6AB20AD57EAC4 /* Pods */ = {
			isa = PBXGroup;
			children = (
				CE94F069B8F202A02920E6FF /* Pods-marvel.debug.xcconfig */,
				6339B1DDD9F9BF8019EF948A /* Pods-marvel.release.xcconfig */,
				9E00DBBAE666EEAA57B21ABB /* Pods-marvelTests.debug.xcconfig */,
				08B8DB82452B8EB46DCE0698 /* Pods-marvelTests.release.xcconfig */,
			);
			path = Pods;
			sourceTree = "<group>";
		};
		CF682C7A23EEE647002C4720 = {
			isa = PBXGroup;
			children = (
				CF682C8523EEE647002C4720 /* marvel */,
				CF682C9C23EEE649002C4720 /* marvelTests */,
				CF682C8423EEE647002C4720 /* Products */,
				47CCFC8FFBE6AB20AD57EAC4 /* Pods */,
				39B54785AE9C5BA2FEB39890 /* Frameworks */,
			);
			sourceTree = "<group>";
		};
		CF682C8423EEE647002C4720 /* Products */ = {
			isa = PBXGroup;
			children = (
				CF682C8323EEE647002C4720 /* marvel.app */,
				CF682C9923EEE649002C4720 /* marvelTests.xctest */,
			);
			name = Products;
			sourceTree = "<group>";
		};
		CF682C8523EEE647002C4720 /* marvel */ = {
			isa = PBXGroup;
			children = (
				CFD4252623F04901005CEB8B /* ApplicationDelegates */,
				CFD4252523F048F4005CEB8B /* Details */,
				CFD4250E23EEE969005CEB8B /* Home */,
				CFD4251C23EF014E005CEB8B /* Model */,
				CFD4251323EEEA29005CEB8B /* Repository */,
				CFD4250D23EEE958005CEB8B /* Coordinators */,
				CF682C8F23EEE648002C4720 /* Assets.xcassets */,
				CF682C9123EEE648002C4720 /* LaunchScreen.storyboard */,
				CF682C9423EEE648002C4720 /* Info.plist */,
			);
			path = marvel;
			sourceTree = "<group>";
		};
		CF682C9C23EEE649002C4720 /* marvelTests */ = {
			isa = PBXGroup;
			children = (
				CF682C9D23EEE649002C4720 /* marvelTests.swift */,
				CF682C9F23EEE649002C4720 /* Info.plist */,
			);
			path = marvelTests;
			sourceTree = "<group>";
		};
		CFD4250D23EEE958005CEB8B /* Coordinators */ = {
			isa = PBXGroup;
			children = (
				CFD4250923EEE8C4005CEB8B /* Coordinator.swift */,
				CFD4250B23EEE8F1005CEB8B /* ApplicationCoordinator.swift */,
				CFD4251623EEEAD2005CEB8B /* HomeCoordinator.swift */,
				CFD4252323F0483E005CEB8B /* DetailsCoordinator.swift */,
			);
			path = Coordinators;
			sourceTree = "<group>";
		};
		CFD4250E23EEE969005CEB8B /* Home */ = {
			isa = PBXGroup;
			children = (
				CFD4250F23EEEA0F005CEB8B /* HomeViewController.swift */,
				CFD4251123EEEA20005CEB8B /* HomeViewModel.swift */,
				CFD4251F23EF0878005CEB8B /* HomeView.swift */,
				CFD4252123EF2A3E005CEB8B /* HomeCollectionViewCell.swift */,
			);
			path = Home;
			sourceTree = "<group>";
		};
		CFD4251323EEEA29005CEB8B /* Repository */ = {
			isa = PBXGroup;
			children = (
				CFD4251A23EF002F005CEB8B /* Repository.swift */,
				CFD4251423EEEA3E005CEB8B /* ApiManager.swift */,
				CFD4251823EEFC73005CEB8B /* ApiResponse.swift */,
			);
			path = Repository;
			sourceTree = "<group>";
		};
		CFD4251C23EF014E005CEB8B /* Model */ = {
			isa = PBXGroup;
			children = (
				CFD4251D23EF016C005CEB8B /* Error.swift */,
			);
			path = Model;
			sourceTree = "<group>";
		};
		CFD4252523F048F4005CEB8B /* Details */ = {
			isa = PBXGroup;
			children = (
				CFD4252723F04923005CEB8B /* DetailsViewController.swift */,
				CFD4252D23F051C3005CEB8B /* DetailsViewModel.swift */,
				CFD4252B23F050E6005CEB8B /* DetailsView.swift */,
				CF8C5BF623F08850009FDF42 /* ComicsCollectionViewCell.swift */,
			);
			path = Details;
			sourceTree = "<group>";
		};
		CFD4252623F04901005CEB8B /* ApplicationDelegates */ = {
			isa = PBXGroup;
			children = (
				CF682C8623EEE647002C4720 /* AppDelegate.swift */,
				CF682C8823EEE647002C4720 /* SceneDelegate.swift */,
			);
			path = ApplicationDelegates;
			sourceTree = "<group>";
		};
/* End PBXGroup section */

/* Begin PBXNativeTarget section */
		CF682C8223EEE647002C4720 /* marvel */ = {
			isa = PBXNativeTarget;
			buildConfigurationList = CF682CA223EEE649002C4720 /* Build configuration list for PBXNativeTarget "marvel" */;
			buildPhases = (
				92E24543F26637D63801D596 /* [CP] Check Pods Manifest.lock */,
				CF682C7F23EEE647002C4720 /* Sources */,
				CF682C8023EEE647002C4720 /* Frameworks */,
				CF682C8123EEE647002C4720 /* Resources */,
				72F2401E0BB679A831217244 /* [CP] Embed Pods Frameworks */,
			);
			buildRules = (
			);
			dependencies = (
			);
			name = marvel;
			productName = marvel;
			productReference = CF682C8323EEE647002C4720 /* marvel.app */;
			productType = "com.apple.product-type.application";
		};
		CF682C9823EEE649002C4720 /* marvelTests */ = {
			isa = PBXNativeTarget;
			buildConfigurationList = CF682CA523EEE649002C4720 /* Build configuration list for PBXNativeTarget "marvelTests" */;
			buildPhases = (
				73013E89280941A90C4B2FAC /* [CP] Check Pods Manifest.lock */,
				CF682C9523EEE649002C4720 /* Sources */,
				CF682C9623EEE649002C4720 /* Frameworks */,
				CF682C9723EEE649002C4720 /* Resources */,
			);
			buildRules = (
			);
			dependencies = (
				CF682C9B23EEE649002C4720 /* PBXTargetDependency */,
			);
			name = marvelTests;
			productName = marvelTests;
			productReference = CF682C9923EEE649002C4720 /* marvelTests.xctest */;
			productType = "com.apple.product-type.bundle.unit-test";
		};
/* End PBXNativeTarget section */

/* Begin PBXProject section */
		CF682C7B23EEE647002C4720 /* Project object */ = {
			isa = PBXProject;
			attributes = {
				LastSwiftUpdateCheck = 1130;
				LastUpgradeCheck = 1130;
				ORGANIZATIONNAME = "João Pedro Cappelletto D'Agnoluzzo";
				TargetAttributes = {
					CF682C8223EEE647002C4720 = {
						CreatedOnToolsVersion = 11.3.1;
					};
					CF682C9823EEE649002C4720 = {
						CreatedOnToolsVersion = 11.3.1;
						TestTargetID = CF682C8223EEE647002C4720;
					};
				};
			};
			buildConfigurationList = CF682C7E23EEE647002C4720 /* Build configuration list for PBXProject "marvel" */;
			compatibilityVersion = "Xcode 9.3";
			developmentRegion = en;
			hasScannedForEncodings = 0;
			knownRegions = (
				en,
				Base,
			);
			mainGroup = CF682C7A23EEE647002C4720;
			productRefGroup = CF682C8423EEE647002C4720 /* Products */;
			projectDirPath = "";
			projectRoot = "";
			targets = (
				CF682C8223EEE647002C4720 /* marvel */,
				CF682C9823EEE649002C4720 /* marvelTests */,
			);
		};
/* End PBXProject section */

/* Begin PBXResourcesBuildPhase section */
		CF682C8123EEE647002C4720 /* Resources */ = {
			isa = PBXResourcesBuildPhase;
			buildActionMask = 2147483647;
			files = (
				CF682C9323EEE648002C4720 /* LaunchScreen.storyboard in Resources */,
				CF682C9023EEE648002C4720 /* Assets.xcassets in Resources */,
			);
			runOnlyForDeploymentPostprocessing = 0;
		};
		CF682C9723EEE649002C4720 /* Resources */ = {
			isa = PBXResourcesBuildPhase;
			buildActionMask = 2147483647;
			files = (
			);
			runOnlyForDeploymentPostprocessing = 0;
		};
/* End PBXResourcesBuildPhase section */

/* Begin PBXShellScriptBuildPhase section */
		72F2401E0BB679A831217244 /* [CP] Embed Pods Frameworks */ = {
			isa = PBXShellScriptBuildPhase;
			buildActionMask = 2147483647;
			files = (
			);
			inputFileListPaths = (
				"${PODS_ROOT}/Target Support Files/Pods-marvel/Pods-marvel-frameworks-${CONFIGURATION}-input-files.xcfilelist",
			);
			name = "[CP] Embed Pods Frameworks";
			outputFileListPaths = (
				"${PODS_ROOT}/Target Support Files/Pods-marvel/Pods-marvel-frameworks-${CONFIGURATION}-output-files.xcfilelist",
			);
			runOnlyForDeploymentPostprocessing = 0;
			shellPath = /bin/sh;
			shellScript = "\"${PODS_ROOT}/Target Support Files/Pods-marvel/Pods-marvel-frameworks.sh\"\n";
			showEnvVarsInLog = 0;
		};
		73013E89280941A90C4B2FAC /* [CP] Check Pods Manifest.lock */ = {
			isa = PBXShellScriptBuildPhase;
			buildActionMask = 2147483647;
			files = (
			);
			inputFileListPaths = (
			);
			inputPaths = (
				"${PODS_PODFILE_DIR_PATH}/Podfile.lock",
				"${PODS_ROOT}/Manifest.lock",
			);
			name = "[CP] Check Pods Manifest.lock";
			outputFileListPaths = (
			);
			outputPaths = (
				"$(DERIVED_FILE_DIR)/Pods-marvelTests-checkManifestLockResult.txt",
			);
			runOnlyForDeploymentPostprocessing = 0;
			shellPath = /bin/sh;
			shellScript = "diff \"${PODS_PODFILE_DIR_PATH}/Podfile.lock\" \"${PODS_ROOT}/Manifest.lock\" > /dev/null\nif [ $? != 0 ] ; then\n    # print error to STDERR\n    echo \"error: The sandbox is not in sync with the Podfile.lock. Run 'pod install' or update your CocoaPods installation.\" >&2\n    exit 1\nfi\n# This output is used by Xcode 'outputs' to avoid re-running this script phase.\necho \"SUCCESS\" > \"${SCRIPT_OUTPUT_FILE_0}\"\n";
			showEnvVarsInLog = 0;
		};
		92E24543F26637D63801D596 /* [CP] Check Pods Manifest.lock */ = {
			isa = PBXShellScriptBuildPhase;
			buildActionMask = 2147483647;
			files = (
			);
			inputFileListPaths = (
			);
			inputPaths = (
				"${PODS_PODFILE_DIR_PATH}/Podfile.lock",
				"${PODS_ROOT}/Manifest.lock",
			);
			name = "[CP] Check Pods Manifest.lock";
			outputFileListPaths = (
			);
			outputPaths = (
				"$(DERIVED_FILE_DIR)/Pods-marvel-checkManifestLockResult.txt",
			);
			runOnlyForDeploymentPostprocessing = 0;
			shellPath = /bin/sh;
			shellScript = "diff \"${PODS_PODFILE_DIR_PATH}/Podfile.lock\" \"${PODS_ROOT}/Manifest.lock\" > /dev/null\nif [ $? != 0 ] ; then\n    # print error to STDERR\n    echo \"error: The sandbox is not in sync with the Podfile.lock. Run 'pod install' or update your CocoaPods installation.\" >&2\n    exit 1\nfi\n# This output is used by Xcode 'outputs' to avoid re-running this script phase.\necho \"SUCCESS\" > \"${SCRIPT_OUTPUT_FILE_0}\"\n";
			showEnvVarsInLog = 0;
		};
/* End PBXShellScriptBuildPhase section */

/* Begin PBXSourcesBuildPhase section */
		CF682C7F23EEE647002C4720 /* Sources */ = {
			isa = PBXSourcesBuildPhase;
			buildActionMask = 2147483647;
			files = (
				CFD4251923EEFC73005CEB8B /* ApiResponse.swift in Sources */,
				CFD4251023EEEA0F005CEB8B /* HomeViewController.swift in Sources */,
				CF8C5BF723F08850009FDF42 /* ComicsCollectionViewCell.swift in Sources */,
				CFD4251223EEEA20005CEB8B /* HomeViewModel.swift in Sources */,
				CFD4251E23EF016C005CEB8B /* Error.swift in Sources */,
				CFD4250C23EEE8F1005CEB8B /* ApplicationCoordinator.swift in Sources */,
				CFD4252223EF2A3E005CEB8B /* HomeCollectionViewCell.swift in Sources */,
				CFD4251523EEEA3E005CEB8B /* ApiManager.swift in Sources */,
				CFD4250A23EEE8C4005CEB8B /* Coordinator.swift in Sources */,
				CFD4251723EEEAD2005CEB8B /* HomeCoordinator.swift in Sources */,
				CFD4251B23EF002F005CEB8B /* Repository.swift in Sources */,
				CFD4252023EF0878005CEB8B /* HomeView.swift in Sources */,
				CFD4252E23F051C3005CEB8B /* DetailsViewModel.swift in Sources */,
				CFD4252423F0483E005CEB8B /* DetailsCoordinator.swift in Sources */,
				CF682C8723EEE647002C4720 /* AppDelegate.swift in Sources */,
				CFD4252C23F050E6005CEB8B /* DetailsView.swift in Sources */,
				CF682C8923EEE647002C4720 /* SceneDelegate.swift in Sources */,
				CFD4252823F04923005CEB8B /* DetailsViewController.swift in Sources */,
			);
			runOnlyForDeploymentPostprocessing = 0;
		};
		CF682C9523EEE649002C4720 /* Sources */ = {
			isa = PBXSourcesBuildPhase;
			buildActionMask = 2147483647;
			files = (
				CF682C9E23EEE649002C4720 /* marvelTests.swift in Sources */,
			);
			runOnlyForDeploymentPostprocessing = 0;
		};
/* End PBXSourcesBuildPhase section */

/* Begin PBXTargetDependency section */
		CF682C9B23EEE649002C4720 /* PBXTargetDependency */ = {
			isa = PBXTargetDependency;
			target = CF682C8223EEE647002C4720 /* marvel */;
			targetProxy = CF682C9A23EEE649002C4720 /* PBXContainerItemProxy */;
		};
/* End PBXTargetDependency section */

/* Begin PBXVariantGroup section */
		CF682C9123EEE648002C4720 /* LaunchScreen.storyboard */ = {
			isa = PBXVariantGroup;
			children = (
				CF682C9223EEE648002C4720 /* Base */,
			);
			name = LaunchScreen.storyboard;
			sourceTree = "<group>";
		};
/* End PBXVariantGroup section */

/* Begin XCBuildConfiguration section */
		CF682CA023EEE649002C4720 /* Debug */ = {
			isa = XCBuildConfiguration;
			buildSettings = {
				ALWAYS_SEARCH_USER_PATHS = NO;
				CLANG_ANALYZER_NONNULL = YES;
				CLANG_ANALYZER_NUMBER_OBJECT_CONVERSION = YES_AGGRESSIVE;
				CLANG_CXX_LANGUAGE_STANDARD = "gnu++14";
				CLANG_CXX_LIBRARY = "libc++";
				CLANG_ENABLE_MODULES = YES;
				CLANG_ENABLE_OBJC_ARC = YES;
				CLANG_ENABLE_OBJC_WEAK = YES;
				CLANG_WARN_BLOCK_CAPTURE_AUTORELEASING = YES;
				CLANG_WARN_BOOL_CONVERSION = YES;
				CLANG_WARN_COMMA = YES;
				CLANG_WARN_CONSTANT_CONVERSION = YES;
				CLANG_WARN_DEPRECATED_OBJC_IMPLEMENTATIONS = YES;
				CLANG_WARN_DIRECT_OBJC_ISA_USAGE = YES_ERROR;
				CLANG_WARN_DOCUMENTATION_COMMENTS = YES;
				CLANG_WARN_EMPTY_BODY = YES;
				CLANG_WARN_ENUM_CONVERSION = YES;
				CLANG_WARN_INFINITE_RECURSION = YES;
				CLANG_WARN_INT_CONVERSION = YES;
				CLANG_WARN_NON_LITERAL_NULL_CONVERSION = YES;
				CLANG_WARN_OBJC_IMPLICIT_RETAIN_SELF = YES;
				CLANG_WARN_OBJC_LITERAL_CONVERSION = YES;
				CLANG_WARN_OBJC_ROOT_CLASS = YES_ERROR;
				CLANG_WARN_RANGE_LOOP_ANALYSIS = YES;
				CLANG_WARN_STRICT_PROTOTYPES = YES;
				CLANG_WARN_SUSPICIOUS_MOVE = YES;
				CLANG_WARN_UNGUARDED_AVAILABILITY = YES_AGGRESSIVE;
				CLANG_WARN_UNREACHABLE_CODE = YES;
				CLANG_WARN__DUPLICATE_METHOD_MATCH = YES;
				COPY_PHASE_STRIP = NO;
				DEBUG_INFORMATION_FORMAT = dwarf;
				ENABLE_STRICT_OBJC_MSGSEND = YES;
				ENABLE_TESTABILITY = YES;
				GCC_C_LANGUAGE_STANDARD = gnu11;
				GCC_DYNAMIC_NO_PIC = NO;
				GCC_NO_COMMON_BLOCKS = YES;
				GCC_OPTIMIZATION_LEVEL = 0;
				GCC_PREPROCESSOR_DEFINITIONS = (
					"DEBUG=1",
					"$(inherited)",
				);
				GCC_WARN_64_TO_32_BIT_CONVERSION = YES;
				GCC_WARN_ABOUT_RETURN_TYPE = YES_ERROR;
				GCC_WARN_UNDECLARED_SELECTOR = YES;
				GCC_WARN_UNINITIALIZED_AUTOS = YES_AGGRESSIVE;
				GCC_WARN_UNUSED_FUNCTION = YES;
				GCC_WARN_UNUSED_VARIABLE = YES;
				IPHONEOS_DEPLOYMENT_TARGET = 13.2;
				MTL_ENABLE_DEBUG_INFO = INCLUDE_SOURCE;
				MTL_FAST_MATH = YES;
				ONLY_ACTIVE_ARCH = YES;
				SDKROOT = iphoneos;
				SWIFT_ACTIVE_COMPILATION_CONDITIONS = DEBUG;
				SWIFT_OPTIMIZATION_LEVEL = "-Onone";
			};
			name = Debug;
		};
		CF682CA123EEE649002C4720 /* Release */ = {
			isa = XCBuildConfiguration;
			buildSettings = {
				ALWAYS_SEARCH_USER_PATHS = NO;
				CLANG_ANALYZER_NONNULL = YES;
				CLANG_ANALYZER_NUMBER_OBJECT_CONVERSION = YES_AGGRESSIVE;
				CLANG_CXX_LANGUAGE_STANDARD = "gnu++14";
				CLANG_CXX_LIBRARY = "libc++";
				CLANG_ENABLE_MODULES = YES;
				CLANG_ENABLE_OBJC_ARC = YES;
				CLANG_ENABLE_OBJC_WEAK = YES;
				CLANG_WARN_BLOCK_CAPTURE_AUTORELEASING = YES;
				CLANG_WARN_BOOL_CONVERSION = YES;
				CLANG_WARN_COMMA = YES;
				CLANG_WARN_CONSTANT_CONVERSION = YES;
				CLANG_WARN_DEPRECATED_OBJC_IMPLEMENTATIONS = YES;
				CLANG_WARN_DIRECT_OBJC_ISA_USAGE = YES_ERROR;
				CLANG_WARN_DOCUMENTATION_COMMENTS = YES;
				CLANG_WARN_EMPTY_BODY = YES;
				CLANG_WARN_ENUM_CONVERSION = YES;
				CLANG_WARN_INFINITE_RECURSION = YES;
				CLANG_WARN_INT_CONVERSION = YES;
				CLANG_WARN_NON_LITERAL_NULL_CONVERSION = YES;
				CLANG_WARN_OBJC_IMPLICIT_RETAIN_SELF = YES;
				CLANG_WARN_OBJC_LITERAL_CONVERSION = YES;
				CLANG_WARN_OBJC_ROOT_CLASS = YES_ERROR;
				CLANG_WARN_RANGE_LOOP_ANALYSIS = YES;
				CLANG_WARN_STRICT_PROTOTYPES = YES;
				CLANG_WARN_SUSPICIOUS_MOVE = YES;
				CLANG_WARN_UNGUARDED_AVAILABILITY = YES_AGGRESSIVE;
				CLANG_WARN_UNREACHABLE_CODE = YES;
				CLANG_WARN__DUPLICATE_METHOD_MATCH = YES;
				COPY_PHASE_STRIP = NO;
				DEBUG_INFORMATION_FORMAT = "dwarf-with-dsym";
				ENABLE_NS_ASSERTIONS = NO;
				ENABLE_STRICT_OBJC_MSGSEND = YES;
				GCC_C_LANGUAGE_STANDARD = gnu11;
				GCC_NO_COMMON_BLOCKS = YES;
				GCC_WARN_64_TO_32_BIT_CONVERSION = YES;
				GCC_WARN_ABOUT_RETURN_TYPE = YES_ERROR;
				GCC_WARN_UNDECLARED_SELECTOR = YES;
				GCC_WARN_UNINITIALIZED_AUTOS = YES_AGGRESSIVE;
				GCC_WARN_UNUSED_FUNCTION = YES;
				GCC_WARN_UNUSED_VARIABLE = YES;
				IPHONEOS_DEPLOYMENT_TARGET = 13.2;
				MTL_ENABLE_DEBUG_INFO = NO;
				MTL_FAST_MATH = YES;
				SDKROOT = iphoneos;
				SWIFT_COMPILATION_MODE = wholemodule;
				SWIFT_OPTIMIZATION_LEVEL = "-O";
				VALIDATE_PRODUCT = YES;
			};
			name = Release;
		};
		CF682CA323EEE649002C4720 /* Debug */ = {
			isa = XCBuildConfiguration;
			baseConfigurationReference = CE94F069B8F202A02920E6FF /* Pods-marvel.debug.xcconfig */;
			buildSettings = {
				ASSETCATALOG_COMPILER_APPICON_NAME = AppIcon;
				CODE_SIGN_STYLE = Automatic;
				DEVELOPMENT_TEAM = L23XZ22LBQ;
				INFOPLIST_FILE = marvel/Info.plist;
				LD_RUNPATH_SEARCH_PATHS = (
					"$(inherited)",
					"@executable_path/Frameworks",
				);
				PRODUCT_BUNDLE_IDENTIFIER = com.JoaoDAgnoluzzo.marvel;
				PRODUCT_NAME = "$(TARGET_NAME)";
				SWIFT_VERSION = 5.0;
				TARGETED_DEVICE_FAMILY = "1,2";
			};
			name = Debug;
		};
		CF682CA423EEE649002C4720 /* Release */ = {
			isa = XCBuildConfiguration;
			baseConfigurationReference = 6339B1DDD9F9BF8019EF948A /* Pods-marvel.release.xcconfig */;
			buildSettings = {
				ASSETCATALOG_COMPILER_APPICON_NAME = AppIcon;
				CODE_SIGN_STYLE = Automatic;
				DEVELOPMENT_TEAM = L23XZ22LBQ;
				INFOPLIST_FILE = marvel/Info.plist;
				LD_RUNPATH_SEARCH_PATHS = (
					"$(inherited)",
					"@executable_path/Frameworks",
				);
				PRODUCT_BUNDLE_IDENTIFIER = com.JoaoDAgnoluzzo.marvel;
				PRODUCT_NAME = "$(TARGET_NAME)";
				SWIFT_VERSION = 5.0;
				TARGETED_DEVICE_FAMILY = "1,2";
			};
			name = Release;
		};
		CF682CA623EEE649002C4720 /* Debug */ = {
			isa = XCBuildConfiguration;
			baseConfigurationReference = 9E00DBBAE666EEAA57B21ABB /* Pods-marvelTests.debug.xcconfig */;
			buildSettings = {
				ALWAYS_EMBED_SWIFT_STANDARD_LIBRARIES = YES;
				BUNDLE_LOADER = "$(TEST_HOST)";
				CODE_SIGN_STYLE = Automatic;
				DEVELOPMENT_TEAM = L23XZ22LBQ;
				INFOPLIST_FILE = marvelTests/Info.plist;
				IPHONEOS_DEPLOYMENT_TARGET = 13.2;
				LD_RUNPATH_SEARCH_PATHS = (
					"$(inherited)",
					"@executable_path/Frameworks",
					"@loader_path/Frameworks",
				);
				PRODUCT_BUNDLE_IDENTIFIER = com.JoaoDAgnoluzzo.marvelTests;
				PRODUCT_NAME = "$(TARGET_NAME)";
				SWIFT_VERSION = 5.0;
				TARGETED_DEVICE_FAMILY = "1,2";
				TEST_HOST = "$(BUILT_PRODUCTS_DIR)/marvel.app/marvel";
			};
			name = Debug;
		};
		CF682CA723EEE649002C4720 /* Release */ = {
			isa = XCBuildConfiguration;
			baseConfigurationReference = 08B8DB82452B8EB46DCE0698 /* Pods-marvelTests.release.xcconfig */;
			buildSettings = {
				ALWAYS_EMBED_SWIFT_STANDARD_LIBRARIES = YES;
				BUNDLE_LOADER = "$(TEST_HOST)";
				CODE_SIGN_STYLE = Automatic;
				DEVELOPMENT_TEAM = L23XZ22LBQ;
				INFOPLIST_FILE = marvelTests/Info.plist;
				IPHONEOS_DEPLOYMENT_TARGET = 13.2;
				LD_RUNPATH_SEARCH_PATHS = (
					"$(inherited)",
					"@executable_path/Frameworks",
					"@loader_path/Frameworks",
				);
				PRODUCT_BUNDLE_IDENTIFIER = com.JoaoDAgnoluzzo.marvelTests;
				PRODUCT_NAME = "$(TARGET_NAME)";
				SWIFT_VERSION = 5.0;
				TARGETED_DEVICE_FAMILY = "1,2";
				TEST_HOST = "$(BUILT_PRODUCTS_DIR)/marvel.app/marvel";
			};
			name = Release;
		};
/* End XCBuildConfiguration section */

/* Begin XCConfigurationList section */
		CF682C7E23EEE647002C4720 /* Build configuration list for PBXProject "marvel" */ = {
			isa = XCConfigurationList;
			buildConfigurations = (
				CF682CA023EEE649002C4720 /* Debug */,
				CF682CA123EEE649002C4720 /* Release */,
			);
			defaultConfigurationIsVisible = 0;
			defaultConfigurationName = Release;
		};
		CF682CA223EEE649002C4720 /* Build configuration list for PBXNativeTarget "marvel" */ = {
			isa = XCConfigurationList;
			buildConfigurations = (
				CF682CA323EEE649002C4720 /* Debug */,
				CF682CA423EEE649002C4720 /* Release */,
			);
			defaultConfigurationIsVisible = 0;
			defaultConfigurationName = Release;
		};
		CF682CA523EEE649002C4720 /* Build configuration list for PBXNativeTarget "marvelTests" */ = {
			isa = XCConfigurationList;
			buildConfigurations = (
				CF682CA623EEE649002C4720 /* Debug */,
				CF682CA723EEE649002C4720 /* Release */,
			);
			defaultConfigurationIsVisible = 0;
			defaultConfigurationName = Release;
		};
/* End XCConfigurationList section */
	};
	rootObject = CF682C7B23EEE647002C4720 /* Project object */;
}
